
Microsoft Visual Studio Solution File, Format Version 12.00
# Visual Studio Version 16
VisualStudioVersion = 16.0.31019.35
MinimumVisualStudioVersion = 10.0.40219.1
Project("{9A19103F-16F7-4668-BE54-9A1E7A4F7556}") = "TextAdventureTime", "TextAdventureHTime\TextAdventureTime.csproj", "{15C08042-86B1-4BC7-8093-C18B51119A80}"
EndProject
Global
	GlobalSection(SolutionConfigurationPlatforms) = preSolution
		Debug|Any CPU = Debug|Any CPU
		Release|Any CPU = Release|Any CPU
	EndGlobalSection
	GlobalSection(ProjectConfigurationPlatforms) = postSolution
		{15C08042-86B1-4BC7-8093-C18B51119A80}.Debug|Any CPU.ActiveCfg = Debug|Any CPU
		{15C08042-86B1-4BC7-8093-C18B51119A80}.Debug|Any CPU.Build.0 = Debug|Any CPU
		{15C08042-86B1-4BC7-8093-C18B51119A80}.Release|Any CPU.ActiveCfg = Release|Any CPU
		{15C08042-86B1-4BC7-8093-C18B51119A80}.Release|Any CPU.Build.0 = Release|Any CPU
	EndGlobalSection
	GlobalSection(SolutionProperties) = preSolution
		HideSolutionNode = FALSE
	EndGlobalSection
	GlobalSection(ExtensibilityGlobals) = postSolution
		SolutionGuid = {972170AB-7AE2-43D1-8A65-C8E8F7315CEE}
	EndGlobalSection
EndGlobal
